{
  "lockfile_version": "1",
  "packages": {
    "deno@2": {
      "last_modified": "2024-11-16T04:25:12Z",
      "resolved": "github:NixOS/nixpkgs/34a626458d686f1b58139620a8b2793e9e123bba#deno",
      "source": "devbox-search",
      "version": "2.0.6",
      "systems": {
        "aarch64-darwin": {
          "outputs": [
            {
              "name": "out",
              "path": "/nix/store/6n6y9z422k9a0hzq18j1lzr3nm5qq42k-deno-2.0.6",
              "default": true
            }
          ],
          "store_path": "/nix/store/6n6y9z422k9a0hzq18j1lzr3nm5qq42k-deno-2.0.6"
        },
        "aarch64-linux": {
          "outputs": [
            {
              "name": "out",
              "path": "/nix/store/8j2r58igcynz38grfyp6q6if3r4bh6p5-deno-2.0.6",
              "default": true
            }
          ],
          "store_path": "/nix/store/8j2r58igcynz38grfyp6q6if3r4bh6p5-deno-2.0.6"
        },
        "x86_64-darwin": {
          "outputs": [
            {
              "name": "out",
              "path": "/nix/store/gavar9qq7yn6yl77b53ci6zj54al4wan-deno-2.0.6",
              "default": true
            }
          ],
          "store_path": "/nix/store/gavar9qq7yn6yl77b53ci6zj54al4wan-deno-2.0.6"
        },
        "x86_64-linux": {
          "outputs": [
            {
              "name": "out",
              "path": "/nix/store/96j40h3bygf3633yvqn6pl163lfv1064-deno-2.0.6",
              "default": true
            }
          ],
          "store_path": "/nix/store/96j40h3bygf3633yvqn6pl163lfv1064-deno-2.0.6"
        }
      }
    },
    "docker@27.3.1": {
      "last_modified": "2024-11-16T04:25:12Z",
      "resolved": "github:NixOS/nixpkgs/34a626458d686f1b58139620a8b2793e9e123bba#docker",
      "source": "devbox-search",
      "version": "27.3.1",
      "systems": {
        "aarch64-darwin": {
          "outputs": [
            {
              "name": "out",
              "path": "/nix/store/v69vm56w9v74ncyz5lccvmb8cvpsmq6p-docker-27.3.1",
              "default": true
            }
          ],
          "store_path": "/nix/store/v69vm56w9v74ncyz5lccvmb8cvpsmq6p-docker-27.3.1"
        },
        "aarch64-linux": {
          "outputs": [
            {
              "name": "out",
              "path": "/nix/store/zhr2pv6124qvwn53fzy8048y002k982l-docker-27.3.1",
              "default": true
            }
          ],
          "store_path": "/nix/store/zhr2pv6124qvwn53fzy8048y002k982l-docker-27.3.1"
        },
        "x86_64-darwin": {
          "outputs": [
            {
              "name": "out",
              "path": "/nix/store/gw7f9j1qabxasvhr5vr10a3knlpjhbam-docker-27.3.1",
              "default": true
            }
          ],
          "store_path": "/nix/store/gw7f9j1qabxasvhr5vr10a3knlpjhbam-docker-27.3.1"
        },
        "x86_64-linux": {
          "outputs": [
            {
              "name": "out",
              "path": "/nix/store/j4y5rj5qhk4qlya02vrxf3rj6402xrr9-docker-27.3.1",
              "default": true
            }
          ],
          "store_path": "/nix/store/j4y5rj5qhk4qlya02vrxf3rj6402xrr9-docker-27.3.1"
        }
      }
    },
    "git@2.47.0": {
      "last_modified": "2024-11-16T04:25:12Z",
      "resolved": "github:NixOS/nixpkgs/34a626458d686f1b58139620a8b2793e9e123bba#git",
      "source": "devbox-search",
      "version": "2.47.0",
      "systems": {
        "aarch64-darwin": {
          "outputs": [
            {
              "name": "out",
              "path": "/nix/store/w5rggkxjd7z2cjk4fia9za7gb485pydw-git-2.47.0",
              "default": true
            },
            {
              "name": "doc",
              "path": "/nix/store/8r3g3kpmrgk1ih1wfyfxv0qrybaqqk6r-git-2.47.0-doc"
            }
          ],
          "store_path": "/nix/store/w5rggkxjd7z2cjk4fia9za7gb485pydw-git-2.47.0"
        },
        "aarch64-linux": {
          "outputs": [
            {
              "name": "out",
              "path": "/nix/store/50hslncwwrrzjwyrr5ifia29dxlmny03-git-2.47.0",
              "default": true
            },
            {
              "name": "debug",
              "path": "/nix/store/48mq59i2nmkay3qbqqjsgpsqhwnjvn7n-git-2.47.0-debug"
            },
            {
              "name": "doc",
              "path": "/nix/store/27xymgj2ah5j40iy407p9604nlg23whx-git-2.47.0-doc"
            }
          ],
          "store_path": "/nix/store/50hslncwwrrzjwyrr5ifia29dxlmny03-git-2.47.0"
        },
        "x86_64-darwin": {
          "outputs": [
            {
              "name": "out",
              "path": "/nix/store/w7a374fz8ai3swihnynx4r7hgqsw9xvd-git-2.47.0",
              "default": true
            },
            {
              "name": "doc",
              "path": "/nix/store/zm42fzcd69sc8jqcn22z5dhnj5rvrk39-git-2.47.0-doc"
            }
          ],
          "store_path": "/nix/store/w7a374fz8ai3swihnynx4r7hgqsw9xvd-git-2.47.0"
        },
        "x86_64-linux": {
          "outputs": [
            {
              "name": "out",
              "path": "/nix/store/pxpns5vm111i6j3r3wbygaj99wbrm6h1-git-2.47.0",
              "default": true
            },
            {
              "name": "debug",
              "path": "/nix/store/yzj0y9yq01yfqmpwvifwqlnws90yq60l-git-2.47.0-debug"
            },
            {
              "name": "doc",
              "path": "/nix/store/851nl4fknnygvx9qmkmm7iqlv66l4fzg-git-2.47.0-doc"
            }
          ],
          "store_path": "/nix/store/pxpns5vm111i6j3r3wbygaj99wbrm6h1-git-2.47.0"
        }
      }
    }
  }
}
